
Microsoft Visual Studio Solution File, Format Version 12.00
# Visual Studio Version 17
VisualStudioVersion = 17.9.34723.18
MinimumVisualStudioVersion = 10.0.40219.1
Project("{FAE04EC0-301F-11D3-BF4B-00C04F79EFBC}") = "GZip", "GZip.csproj", "{7F456A1E-1ECD-4C1A-B11D-8CFB96F23DD7}"
EndProject
Global
	GlobalSection(SolutionConfigurationPlatforms) = preSolution
		Debug|Any CPU = Debug|Any CPU
		Release|Any CPU = Release|Any CPU
	EndGlobalSection
	GlobalSection(ProjectConfigurationPlatforms) = postSolution
		{7F456A1E-1ECD-4C1A-B11D-8CFB96F23DD7}.Debug|Any CPU.ActiveCfg = Debug|Any CPU
		{7F456A1E-1ECD-4C1A-B11D-8CFB96F23DD7}.Debug|Any CPU.Build.0 = Debug|Any CPU
		{7F456A1E-1ECD-4C1A-B11D-8CFB96F23DD7}.Release|Any CPU.ActiveCfg = Release|Any CPU
		{7F456A1E-1ECD-4C1A-B11D-8CFB96F23DD7}.Release|Any CPU.Build.0 = Release|Any CPU
	EndGlobalSection
	GlobalSection(SolutionProperties) = preSolution
		HideSolutionNode = FALSE
	EndGlobalSection
	GlobalSection(ExtensibilityGlobals) = postSolution
		SolutionGuid = {59B7AF0F-260A-4267-BABF-097FBFA0F217}
	EndGlobalSection
EndGlobal
